// !$*UTF8*$!
{
	archiveVersion = 1;
	classes = {
	};
	objectVersion = 56;
	objects = {

/* Begin PBXBuildFile section */
		9D555EC12A72AA7A00138EB4 /* NetworkServiceWeatherModel.swift in Sources */ = {isa = PBXBuildFile; fileRef = 9D555EC02A72AA7A00138EB4 /* NetworkServiceWeatherModel.swift */; };
		9D555ECB2A76863400138EB4 /* RootViewModel.swift in Sources */ = {isa = PBXBuildFile; fileRef = 9D555ECA2A76863400138EB4 /* RootViewModel.swift */; };
		9D555ED42A78277100138EB4 /* RootView.swift in Sources */ = {isa = PBXBuildFile; fileRef = 9D555ED32A78277100138EB4 /* RootView.swift */; };
		9D555EDC2A793EC300138EB4 /* Module.swift in Sources */ = {isa = PBXBuildFile; fileRef = 9D555EDB2A793EC300138EB4 /* Module.swift */; };
		9D555EDF2A7A730700138EB4 /* AppFactory.swift in Sources */ = {isa = PBXBuildFile; fileRef = 9D555EDE2A7A730700138EB4 /* AppFactory.swift */; };
		9D555EE52A7ADEF000138EB4 /* GeocodeModel.swift in Sources */ = {isa = PBXBuildFile; fileRef = 9D555EE42A7ADEF000138EB4 /* GeocodeModel.swift */; };
		9D555EEA2A7BDCBF00138EB4 /* WeatherDescription.swift in Sources */ = {isa = PBXBuildFile; fileRef = 9D555EE92A7BDCBF00138EB4 /* WeatherDescription.swift */; };
		9D555EEC2A7E410200138EB4 /* DecodingOfDate.swift in Sources */ = {isa = PBXBuildFile; fileRef = 9D555EEB2A7E410200138EB4 /* DecodingOfDate.swift */; };
		9D555EEE2A7E468200138EB4 /* DecodingOfDegreeMinMax.swift in Sources */ = {isa = PBXBuildFile; fileRef = 9D555EED2A7E468200138EB4 /* DecodingOfDegreeMinMax.swift */; };
		9D555EF22A81715700138EB4 /* DecodingOfSpeed.swift in Sources */ = {isa = PBXBuildFile; fileRef = 9D555EF12A81715700138EB4 /* DecodingOfSpeed.swift */; };
		9D555EF42A82390D00138EB4 /* CityNameAndWeatherModel.swift in Sources */ = {isa = PBXBuildFile; fileRef = 9D555EF32A82390C00138EB4 /* CityNameAndWeatherModel.swift */; };
		9D573BEA2A38B84100F8E4F3 /* AppDelegate.swift in Sources */ = {isa = PBXBuildFile; fileRef = 9D573BE92A38B84100F8E4F3 /* AppDelegate.swift */; };
		9D573BEC2A38B84100F8E4F3 /* SceneDelegate.swift in Sources */ = {isa = PBXBuildFile; fileRef = 9D573BEB2A38B84100F8E4F3 /* SceneDelegate.swift */; };
		9D573BEE2A38B84100F8E4F3 /* MainCityViewController.swift in Sources */ = {isa = PBXBuildFile; fileRef = 9D573BED2A38B84100F8E4F3 /* MainCityViewController.swift */; };
		9D573BF32A38B84300F8E4F3 /* Assets.xcassets in Resources */ = {isa = PBXBuildFile; fileRef = 9D573BF22A38B84300F8E4F3 /* Assets.xcassets */; };
		9D573BF62A38B84300F8E4F3 /* LaunchScreen.storyboard in Resources */ = {isa = PBXBuildFile; fileRef = 9D573BF42A38B84300F8E4F3 /* LaunchScreen.storyboard */; };
		9D573C0C2A38C64800F8E4F3 /* RootCoordinator.swift in Sources */ = {isa = PBXBuildFile; fileRef = 9D573C0B2A38C64800F8E4F3 /* RootCoordinator.swift */; };
		9D573C0E2A38C65B00F8E4F3 /* Coordinatable.swift in Sources */ = {isa = PBXBuildFile; fileRef = 9D573C0D2A38C65B00F8E4F3 /* Coordinatable.swift */; };
		9D573C182A38CE5B00F8E4F3 /* Alamofire in Frameworks */ = {isa = PBXBuildFile; productRef = 9D573C172A38CE5B00F8E4F3 /* Alamofire */; };
		9D5907B82A49CB9700A53961 /* Rubik-VariableFont_wght.ttf in Resources */ = {isa = PBXBuildFile; fileRef = 9D5907B72A49CB9700A53961 /* Rubik-VariableFont_wght.ttf */; };
		9D6CF66C2A6B12E400259A3C /* RootViewController.swift in Sources */ = {isa = PBXBuildFile; fileRef = 9D6CF66B2A6B12E400259A3C /* RootViewController.swift */; };
		9D7D89A42A3CC34000CB0ED0 /* PermissionToUseLocationView.swift in Sources */ = {isa = PBXBuildFile; fileRef = 9D7D89A32A3CC34000CB0ED0 /* PermissionToUseLocationView.swift */; };
		9D7D89A62A3CC42500CB0ED0 /* PermissionToUseLocationViewController.swift in Sources */ = {isa = PBXBuildFile; fileRef = 9D7D89A52A3CC42500CB0ED0 /* PermissionToUseLocationViewController.swift */; };
		9DB90D112A518F0D00F57180 /* MainCityView.swift in Sources */ = {isa = PBXBuildFile; fileRef = 9DB90D102A518F0D00F57180 /* MainCityView.swift */; };
		9DB90D132A51A0CD00F57180 /* AppCoordinator.swift in Sources */ = {isa = PBXBuildFile; fileRef = 9DB90D122A51A0CD00F57180 /* AppCoordinator.swift */; };
		9DB90D2D2A53038900F57180 /* CardOfTheDayHeader.swift in Sources */ = {isa = PBXBuildFile; fileRef = 9DB90D2C2A53038900F57180 /* CardOfTheDayHeader.swift */; };
		9DB90D342A555CBA00F57180 /* CustomImageView.swift in Sources */ = {isa = PBXBuildFile; fileRef = 9DB90D332A555CBA00F57180 /* CustomImageView.swift */; };
		9DB90D372A5587FC00F57180 /* CustomView.swift in Sources */ = {isa = PBXBuildFile; fileRef = 9DB90D362A5587FC00F57180 /* CustomView.swift */; };
		9DB90D3B2A55F73900F57180 /* extensionString.swift in Sources */ = {isa = PBXBuildFile; fileRef = 9DB90D3A2A55F73900F57180 /* extensionString.swift */; };
		9DB90D3D2A56022300F57180 /* HourlyWeatherCollectionViewCell.swift in Sources */ = {isa = PBXBuildFile; fileRef = 9DB90D3C2A56022300F57180 /* HourlyWeatherCollectionViewCell.swift */; };
		9DB90D412A5756F700F57180 /* HourlyWeatherCellInTableViewCell.swift in Sources */ = {isa = PBXBuildFile; fileRef = 9DB90D402A5756F700F57180 /* HourlyWeatherCellInTableViewCell.swift */; };
		9DB90D432A599B7D00F57180 /* TwentyFiveDaysLabelHeader.swift in Sources */ = {isa = PBXBuildFile; fileRef = 9DB90D422A599B7D00F57180 /* TwentyFiveDaysLabelHeader.swift */; };
		9DB90D462A59AAFA00F57180 /* DailyForecastCell.swift in Sources */ = {isa = PBXBuildFile; fileRef = 9DB90D452A59AAFA00F57180 /* DailyForecastCell.swift */; };
		9DB90D4D2A5C2BAC00F57180 /* SettingsViewController.swift in Sources */ = {isa = PBXBuildFile; fileRef = 9DB90D4C2A5C2BAC00F57180 /* SettingsViewController.swift */; };
		9DB90D4F2A5C2BD400F57180 /* SettingsView.swift in Sources */ = {isa = PBXBuildFile; fileRef = 9DB90D4E2A5C2BD400F57180 /* SettingsView.swift */; };
		9DB90D512A5C655400F57180 /* SettingsModel.swift in Sources */ = {isa = PBXBuildFile; fileRef = 9DB90D502A5C655400F57180 /* SettingsModel.swift */; };
		9DB90D5B2A5D592900F57180 /* AllDay24HourViewController.swift in Sources */ = {isa = PBXBuildFile; fileRef = 9DB90D5A2A5D592900F57180 /* AllDay24HourViewController.swift */; };
		9DB90D5D2A5D594900F57180 /* AllDay24HourView.swift in Sources */ = {isa = PBXBuildFile; fileRef = 9DB90D5C2A5D594900F57180 /* AllDay24HourView.swift */; };
		9DB90D622A5D9D0000F57180 /* AllDay24HourTimetableHeader.swift in Sources */ = {isa = PBXBuildFile; fileRef = 9DB90D612A5D9D0000F57180 /* AllDay24HourTimetableHeader.swift */; };
		9DB90D642A5DED8600F57180 /* DashedViewHorizontal.swift in Sources */ = {isa = PBXBuildFile; fileRef = 9DB90D632A5DED8600F57180 /* DashedViewHorizontal.swift */; };
		9DB90D662A5E8B9A00F57180 /* DashedViewVertical.swift in Sources */ = {isa = PBXBuildFile; fileRef = 9DB90D652A5E8B9A00F57180 /* DashedViewVertical.swift */; };
		9DB90D6B2A5FE73900F57180 /* AllDay24HourTimetableCell.swift in Sources */ = {isa = PBXBuildFile; fileRef = 9DB90D6A2A5FE73900F57180 /* AllDay24HourTimetableCell.swift */; };
		9DB90D6D2A5FF43900F57180 /* ListFonts.swift in Sources */ = {isa = PBXBuildFile; fileRef = 9DB90D6C2A5FF43900F57180 /* ListFonts.swift */; };
		9DB90D702A60048D00F57180 /* ListColors.swift in Sources */ = {isa = PBXBuildFile; fileRef = 9DB90D6F2A60048D00F57180 /* ListColors.swift */; };
		9DB90D752A605E4500F57180 /* SummaryOfTheDayViewController.swift in Sources */ = {isa = PBXBuildFile; fileRef = 9DB90D742A605E4500F57180 /* SummaryOfTheDayViewController.swift */; };
		9DB90D772A605E5400F57180 /* SummaryOfTheDayView.swift in Sources */ = {isa = PBXBuildFile; fileRef = 9DB90D762A605E5400F57180 /* SummaryOfTheDayView.swift */; };
		9DB90D7D2A60680400F57180 /* DayAndNightWeatherTableViewCell.swift in Sources */ = {isa = PBXBuildFile; fileRef = 9DB90D7C2A60680400F57180 /* DayAndNightWeatherTableViewCell.swift */; };
		9DB90D7F2A648B9C00F57180 /* SunAndMoonTableViewCell.swift in Sources */ = {isa = PBXBuildFile; fileRef = 9DB90D7E2A648B9C00F57180 /* SunAndMoonTableViewCell.swift */; };
		9DB90D812A65811F00F57180 /* AirQualityTableViewCell.swift in Sources */ = {isa = PBXBuildFile; fileRef = 9DB90D802A65811E00F57180 /* AirQualityTableViewCell.swift */; };
		9DB90D832A65940400F57180 /* SummaryOfTheDayCollectionView.swift in Sources */ = {isa = PBXBuildFile; fileRef = 9DB90D822A65940400F57180 /* SummaryOfTheDayCollectionView.swift */; };
		9DB90D852A65943800F57180 /* SummaryOfTheDayCollectionViewCell.swift in Sources */ = {isa = PBXBuildFile; fileRef = 9DB90D842A65943800F57180 /* SummaryOfTheDayCollectionViewCell.swift */; };
		9DB90D8E2A672ED100F57180 /* MainCityPageViewController.swift in Sources */ = {isa = PBXBuildFile; fileRef = 9DB90D8D2A672ED100F57180 /* MainCityPageViewController.swift */; };
		9DB90D9C2A67FD3400F57180 /* ImageWeather.swift in Sources */ = {isa = PBXBuildFile; fileRef = 9DB90D9B2A67FD3400F57180 /* ImageWeather.swift */; };
		9DDCDB2C2A6D106300CD6CBC /* NetworkService.swift in Sources */ = {isa = PBXBuildFile; fileRef = 9DDCDB2B2A6D106300CD6CBC /* NetworkService.swift */; };
		9DE2445A2A431C7F00FACD44 /* PermissionToUseLocationModel.swift in Sources */ = {isa = PBXBuildFile; fileRef = 9DE244592A431C7F00FACD44 /* PermissionToUseLocationModel.swift */; };
		9DE2445D2A4325D700FACD44 /* SnapKit in Frameworks */ = {isa = PBXBuildFile; productRef = 9DE2445C2A4325D700FACD44 /* SnapKit */; };
/* End PBXBuildFile section */

/* Begin PBXFileReference section */
		9D555EC02A72AA7A00138EB4 /* NetworkServiceWeatherModel.swift */ = {isa = PBXFileReference; lastKnownFileType = sourcecode.swift; path = NetworkServiceWeatherModel.swift; sourceTree = "<group>"; };
		9D555ECA2A76863400138EB4 /* RootViewModel.swift */ = {isa = PBXFileReference; lastKnownFileType = sourcecode.swift; path = RootViewModel.swift; sourceTree = "<group>"; };
		9D555ED32A78277100138EB4 /* RootView.swift */ = {isa = PBXFileReference; lastKnownFileType = sourcecode.swift; path = RootView.swift; sourceTree = "<group>"; };
		9D555EDB2A793EC300138EB4 /* Module.swift */ = {isa = PBXFileReference; lastKnownFileType = sourcecode.swift; path = Module.swift; sourceTree = "<group>"; };
		9D555EDE2A7A730700138EB4 /* AppFactory.swift */ = {isa = PBXFileReference; lastKnownFileType = sourcecode.swift; path = AppFactory.swift; sourceTree = "<group>"; };
		9D555EE42A7ADEF000138EB4 /* GeocodeModel.swift */ = {isa = PBXFileReference; lastKnownFileType = sourcecode.swift; path = GeocodeModel.swift; sourceTree = "<group>"; };
		9D555EE92A7BDCBF00138EB4 /* WeatherDescription.swift */ = {isa = PBXFileReference; lastKnownFileType = sourcecode.swift; path = WeatherDescription.swift; sourceTree = "<group>"; };
		9D555EEB2A7E410200138EB4 /* DecodingOfDate.swift */ = {isa = PBXFileReference; lastKnownFileType = sourcecode.swift; path = DecodingOfDate.swift; sourceTree = "<group>"; };
		9D555EED2A7E468200138EB4 /* DecodingOfDegreeMinMax.swift */ = {isa = PBXFileReference; lastKnownFileType = sourcecode.swift; path = DecodingOfDegreeMinMax.swift; sourceTree = "<group>"; };
		9D555EF12A81715700138EB4 /* DecodingOfSpeed.swift */ = {isa = PBXFileReference; lastKnownFileType = sourcecode.swift; path = DecodingOfSpeed.swift; sourceTree = "<group>"; };
		9D555EF32A82390C00138EB4 /* CityNameAndWeatherModel.swift */ = {isa = PBXFileReference; lastKnownFileType = sourcecode.swift; path = CityNameAndWeatherModel.swift; sourceTree = "<group>"; };
		9D573BE62A38B84100F8E4F3 /* Weather.app */ = {isa = PBXFileReference; explicitFileType = wrapper.application; includeInIndex = 0; path = Weather.app; sourceTree = BUILT_PRODUCTS_DIR; };
		9D573BE92A38B84100F8E4F3 /* AppDelegate.swift */ = {isa = PBXFileReference; lastKnownFileType = sourcecode.swift; path = AppDelegate.swift; sourceTree = "<group>"; };
		9D573BEB2A38B84100F8E4F3 /* SceneDelegate.swift */ = {isa = PBXFileReference; lastKnownFileType = sourcecode.swift; path = SceneDelegate.swift; sourceTree = "<group>"; };
		9D573BED2A38B84100F8E4F3 /* MainCityViewController.swift */ = {isa = PBXFileReference; lastKnownFileType = sourcecode.swift; path = MainCityViewController.swift; sourceTree = "<group>"; };
		9D573BF22A38B84300F8E4F3 /* Assets.xcassets */ = {isa = PBXFileReference; lastKnownFileType = folder.assetcatalog; path = Assets.xcassets; sourceTree = "<group>"; };
		9D573BF52A38B84300F8E4F3 /* Base */ = {isa = PBXFileReference; lastKnownFileType = file.storyboard; name = Base; path = Base.lproj/LaunchScreen.storyboard; sourceTree = "<group>"; };
		9D573BF72A38B84300F8E4F3 /* Info.plist */ = {isa = PBXFileReference; lastKnownFileType = text.plist.xml; path = Info.plist; sourceTree = "<group>"; };
		9D573C0B2A38C64800F8E4F3 /* RootCoordinator.swift */ = {isa = PBXFileReference; lastKnownFileType = sourcecode.swift; path = RootCoordinator.swift; sourceTree = "<group>"; };
		9D573C0D2A38C65B00F8E4F3 /* Coordinatable.swift */ = {isa = PBXFileReference; lastKnownFileType = sourcecode.swift; path = Coordinatable.swift; sourceTree = "<group>"; };
		9D5907B72A49CB9700A53961 /* Rubik-VariableFont_wght.ttf */ = {isa = PBXFileReference; lastKnownFileType = file; path = "Rubik-VariableFont_wght.ttf"; sourceTree = "<group>"; };
		9D6CF66B2A6B12E400259A3C /* RootViewController.swift */ = {isa = PBXFileReference; lastKnownFileType = sourcecode.swift; path = RootViewController.swift; sourceTree = "<group>"; };
		9D7D89A32A3CC34000CB0ED0 /* PermissionToUseLocationView.swift */ = {isa = PBXFileReference; lastKnownFileType = sourcecode.swift; path = PermissionToUseLocationView.swift; sourceTree = "<group>"; };
		9D7D89A52A3CC42500CB0ED0 /* PermissionToUseLocationViewController.swift */ = {isa = PBXFileReference; lastKnownFileType = sourcecode.swift; path = PermissionToUseLocationViewController.swift; sourceTree = "<group>"; };
		9DB90D102A518F0D00F57180 /* MainCityView.swift */ = {isa = PBXFileReference; lastKnownFileType = sourcecode.swift; path = MainCityView.swift; sourceTree = "<group>"; };
		9DB90D122A51A0CD00F57180 /* AppCoordinator.swift */ = {isa = PBXFileReference; lastKnownFileType = sourcecode.swift; path = AppCoordinator.swift; sourceTree = "<group>"; };
		9DB90D2C2A53038900F57180 /* CardOfTheDayHeader.swift */ = {isa = PBXFileReference; lastKnownFileType = sourcecode.swift; path = CardOfTheDayHeader.swift; sourceTree = "<group>"; };
		9DB90D332A555CBA00F57180 /* CustomImageView.swift */ = {isa = PBXFileReference; lastKnownFileType = sourcecode.swift; path = CustomImageView.swift; sourceTree = "<group>"; };
		9DB90D362A5587FC00F57180 /* CustomView.swift */ = {isa = PBXFileReference; lastKnownFileType = sourcecode.swift; path = CustomView.swift; sourceTree = "<group>"; };
		9DB90D3A2A55F73900F57180 /* extensionString.swift */ = {isa = PBXFileReference; lastKnownFileType = sourcecode.swift; path = extensionString.swift; sourceTree = "<group>"; };
		9DB90D3C2A56022300F57180 /* HourlyWeatherCollectionViewCell.swift */ = {isa = PBXFileReference; lastKnownFileType = sourcecode.swift; path = HourlyWeatherCollectionViewCell.swift; sourceTree = "<group>"; };
		9DB90D402A5756F700F57180 /* HourlyWeatherCellInTableViewCell.swift */ = {isa = PBXFileReference; lastKnownFileType = sourcecode.swift; path = HourlyWeatherCellInTableViewCell.swift; sourceTree = "<group>"; };
		9DB90D422A599B7D00F57180 /* TwentyFiveDaysLabelHeader.swift */ = {isa = PBXFileReference; lastKnownFileType = sourcecode.swift; path = TwentyFiveDaysLabelHeader.swift; sourceTree = "<group>"; };
		9DB90D452A59AAFA00F57180 /* DailyForecastCell.swift */ = {isa = PBXFileReference; lastKnownFileType = sourcecode.swift; path = DailyForecastCell.swift; sourceTree = "<group>"; };
		9DB90D4C2A5C2BAC00F57180 /* SettingsViewController.swift */ = {isa = PBXFileReference; lastKnownFileType = sourcecode.swift; path = SettingsViewController.swift; sourceTree = "<group>"; };
		9DB90D4E2A5C2BD400F57180 /* SettingsView.swift */ = {isa = PBXFileReference; lastKnownFileType = sourcecode.swift; path = SettingsView.swift; sourceTree = "<group>"; };
		9DB90D502A5C655400F57180 /* SettingsModel.swift */ = {isa = PBXFileReference; lastKnownFileType = sourcecode.swift; path = SettingsModel.swift; sourceTree = "<group>"; };
		9DB90D5A2A5D592900F57180 /* AllDay24HourViewController.swift */ = {isa = PBXFileReference; lastKnownFileType = sourcecode.swift; path = AllDay24HourViewController.swift; sourceTree = "<group>"; };
		9DB90D5C2A5D594900F57180 /* AllDay24HourView.swift */ = {isa = PBXFileReference; lastKnownFileType = sourcecode.swift; path = AllDay24HourView.swift; sourceTree = "<group>"; };
		9DB90D612A5D9D0000F57180 /* AllDay24HourTimetableHeader.swift */ = {isa = PBXFileReference; lastKnownFileType = sourcecode.swift; path = AllDay24HourTimetableHeader.swift; sourceTree = "<group>"; };
		9DB90D632A5DED8600F57180 /* DashedViewHorizontal.swift */ = {isa = PBXFileReference; lastKnownFileType = sourcecode.swift; path = DashedViewHorizontal.swift; sourceTree = "<group>"; };
		9DB90D652A5E8B9A00F57180 /* DashedViewVertical.swift */ = {isa = PBXFileReference; lastKnownFileType = sourcecode.swift; path = DashedViewVertical.swift; sourceTree = "<group>"; };
		9DB90D6A2A5FE73900F57180 /* AllDay24HourTimetableCell.swift */ = {isa = PBXFileReference; lastKnownFileType = sourcecode.swift; path = AllDay24HourTimetableCell.swift; sourceTree = "<group>"; };
		9DB90D6C2A5FF43900F57180 /* ListFonts.swift */ = {isa = PBXFileReference; lastKnownFileType = sourcecode.swift; path = ListFonts.swift; sourceTree = "<group>"; };
		9DB90D6F2A60048D00F57180 /* ListColors.swift */ = {isa = PBXFileReference; lastKnownFileType = sourcecode.swift; path = ListColors.swift; sourceTree = "<group>"; };
		9DB90D742A605E4500F57180 /* SummaryOfTheDayViewController.swift */ = {isa = PBXFileReference; lastKnownFileType = sourcecode.swift; path = SummaryOfTheDayViewController.swift; sourceTree = "<group>"; };
		9DB90D762A605E5400F57180 /* SummaryOfTheDayView.swift */ = {isa = PBXFileReference; lastKnownFileType = sourcecode.swift; path = SummaryOfTheDayView.swift; sourceTree = "<group>"; };
		9DB90D7C2A60680400F57180 /* DayAndNightWeatherTableViewCell.swift */ = {isa = PBXFileReference; lastKnownFileType = sourcecode.swift; path = DayAndNightWeatherTableViewCell.swift; sourceTree = "<group>"; };
		9DB90D7E2A648B9C00F57180 /* SunAndMoonTableViewCell.swift */ = {isa = PBXFileReference; lastKnownFileType = sourcecode.swift; path = SunAndMoonTableViewCell.swift; sourceTree = "<group>"; };
		9DB90D802A65811E00F57180 /* AirQualityTableViewCell.swift */ = {isa = PBXFileReference; lastKnownFileType = sourcecode.swift; path = AirQualityTableViewCell.swift; sourceTree = "<group>"; };
		9DB90D822A65940400F57180 /* SummaryOfTheDayCollectionView.swift */ = {isa = PBXFileReference; lastKnownFileType = sourcecode.swift; path = SummaryOfTheDayCollectionView.swift; sourceTree = "<group>"; };
		9DB90D842A65943800F57180 /* SummaryOfTheDayCollectionViewCell.swift */ = {isa = PBXFileReference; lastKnownFileType = sourcecode.swift; path = SummaryOfTheDayCollectionViewCell.swift; sourceTree = "<group>"; };
		9DB90D8D2A672ED100F57180 /* MainCityPageViewController.swift */ = {isa = PBXFileReference; lastKnownFileType = sourcecode.swift; path = MainCityPageViewController.swift; sourceTree = "<group>"; };
		9DB90D9B2A67FD3400F57180 /* ImageWeather.swift */ = {isa = PBXFileReference; lastKnownFileType = sourcecode.swift; path = ImageWeather.swift; sourceTree = "<group>"; };
		9DDCDB2B2A6D106300CD6CBC /* NetworkService.swift */ = {isa = PBXFileReference; lastKnownFileType = sourcecode.swift; path = NetworkService.swift; sourceTree = "<group>"; };
		9DE244592A431C7F00FACD44 /* PermissionToUseLocationModel.swift */ = {isa = PBXFileReference; lastKnownFileType = sourcecode.swift; path = PermissionToUseLocationModel.swift; sourceTree = "<group>"; };
/* End PBXFileReference section */

/* Begin PBXFrameworksBuildPhase section */
		9D573BE32A38B84100F8E4F3 /* Frameworks */ = {
			isa = PBXFrameworksBuildPhase;
			buildActionMask = 2147483647;
			files = (
				9D573C182A38CE5B00F8E4F3 /* Alamofire in Frameworks */,
				9DE2445D2A4325D700FACD44 /* SnapKit in Frameworks */,
			);
			runOnlyForDeploymentPostprocessing = 0;
		};
/* End PBXFrameworksBuildPhase section */

/* Begin PBXGroup section */
		9D3C511D2A48D24D00D625B3 /* FontRubic */ = {
			isa = PBXGroup;
			children = (
				9DB90D6C2A5FF43900F57180 /* ListFonts.swift */,
				9D5907B72A49CB9700A53961 /* Rubik-VariableFont_wght.ttf */,
			);
			path = FontRubic;
			sourceTree = "<group>";
		};
		9D555ECC2A76A6FA00138EB4 /* MainView */ = {
			isa = PBXGroup;
			children = (
				9DB90D0F2A518EDF00F57180 /* MainView */,
			);
			path = MainView;
			sourceTree = "<group>";
		};
		9D555ED52A793DF700138EB4 /* Root */ = {
			isa = PBXGroup;
			children = (
				9D573C092A38C60300F8E4F3 /* Model */,
				9D573C0A2A38C60D00F8E4F3 /* RootViewModel */,
				9D573C082A38C4BD00F8E4F3 /* RootView */,
			);
			path = Root;
			sourceTree = "<group>";
		};
		9D555EDD2A7A72EE00138EB4 /* AppFactory */ = {
			isa = PBXGroup;
			children = (
				9D555EDE2A7A730700138EB4 /* AppFactory.swift */,
			);
			path = AppFactory;
			sourceTree = "<group>";
		};
		9D555EE02A7ADE6500138EB4 /* Weather */ = {
			isa = PBXGroup;
			children = (
				9D555EC02A72AA7A00138EB4 /* NetworkServiceWeatherModel.swift */,
			);
			path = Weather;
			sourceTree = "<group>";
		};
		9D555EE12A7ADE7500138EB4 /* Geocode */ = {
			isa = PBXGroup;
			children = (
				9D555EE42A7ADEF000138EB4 /* GeocodeModel.swift */,
			);
			path = Geocode;
			sourceTree = "<group>";
		};
		9D555EE82A7BD4F400138EB4 /* DecodingOfWeatherValues */ = {
			isa = PBXGroup;
			children = (
				9D555EE92A7BDCBF00138EB4 /* WeatherDescription.swift */,
				9D555EEB2A7E410200138EB4 /* DecodingOfDate.swift */,
				9D555EED2A7E468200138EB4 /* DecodingOfDegreeMinMax.swift */,
				9D555EF12A81715700138EB4 /* DecodingOfSpeed.swift */,
			);
			path = DecodingOfWeatherValues;
			sourceTree = "<group>";
		};
		9D573BDD2A38B84100F8E4F3 = {
			isa = PBXGroup;
			children = (
				9D573BE82A38B84100F8E4F3 /* Weather */,
				9D573BE72A38B84100F8E4F3 /* Products */,
			);
			sourceTree = "<group>";
		};
		9D573BE72A38B84100F8E4F3 /* Products */ = {
			isa = PBXGroup;
			children = (
				9D573BE62A38B84100F8E4F3 /* Weather.app */,
			);
			name = Products;
			sourceTree = "<group>";
		};
		9D573BE82A38B84100F8E4F3 /* Weather */ = {
			isa = PBXGroup;
			children = (
				9D573BFD2A38BF4400F8E4F3 /* App */,
				9D555EDD2A7A72EE00138EB4 /* AppFactory */,
				9D573BFE2A38BF4A00F8E4F3 /* Coordinators */,
				9DB90D382A55F6E500F57180 /* extensionSystemValue */,
				9D573BFF2A38BF5A00F8E4F3 /* Modules */,
				9D573C072A38C47400F8E4F3 /* NetworkService */,
				9D573C002A38C0E300F8E4F3 /* Resources */,
			);
			path = Weather;
			sourceTree = "<group>";
		};
		9D573BFD2A38BF4400F8E4F3 /* App */ = {
			isa = PBXGroup;
			children = (
				9D573BE92A38B84100F8E4F3 /* AppDelegate.swift */,
				9D573BEB2A38B84100F8E4F3 /* SceneDelegate.swift */,
			);
			path = App;
			sourceTree = "<group>";
		};
		9D573BFE2A38BF4A00F8E4F3 /* Coordinators */ = {
			isa = PBXGroup;
			children = (
				9DB90D122A51A0CD00F57180 /* AppCoordinator.swift */,
				9D573C0D2A38C65B00F8E4F3 /* Coordinatable.swift */,
				9D573C0B2A38C64800F8E4F3 /* RootCoordinator.swift */,
			);
			path = Coordinators;
			sourceTree = "<group>";
		};
		9D573BFF2A38BF5A00F8E4F3 /* Modules */ = {
			isa = PBXGroup;
			children = (
				9D573C192A38D02700F8E4F3 /* PermissionToUseLocation */,
				9D573C032A38C1A900F8E4F3 /* RootScreen */,
				9D573C042A38C1FD00F8E4F3 /* Settings */,
				9D573C062A38C2AC00F8E4F3 /* SummaryOfTheDay */,
				9D573C052A38C27900F8E4F3 /* AllDay24Hour */,
				9D555EDB2A793EC300138EB4 /* Module.swift */,
			);
			path = Modules;
			sourceTree = "<group>";
		};
		9D573C002A38C0E300F8E4F3 /* Resources */ = {
			isa = PBXGroup;
			children = (
				9D555EE82A7BD4F400138EB4 /* DecodingOfWeatherValues */,
				9D573BF22A38B84300F8E4F3 /* Assets.xcassets */,
				9DB90D352A5585B000F57180 /* CustomView */,
				9DB90D322A555BF600F57180 /* CustomClass */,
				9DB90D6E2A60046900F57180 /* Colors */,
				9D3C511D2A48D24D00D625B3 /* FontRubic */,
				9DB90D9A2A67FD0700F57180 /* ImageWeather */,
				9D573C012A38C11B00F8E4F3 /* System */,
			);
			path = Resources;
			sourceTree = "<group>";
		};
		9D573C012A38C11B00F8E4F3 /* System */ = {
			isa = PBXGroup;
			children = (
				9D573BF42A38B84300F8E4F3 /* LaunchScreen.storyboard */,
				9D573BF72A38B84300F8E4F3 /* Info.plist */,
			);
			path = System;
			sourceTree = "<group>";
		};
		9D573C032A38C1A900F8E4F3 /* RootScreen */ = {
			isa = PBXGroup;
			children = (
				9D555ECC2A76A6FA00138EB4 /* MainView */,
				9DB90D8C2A672E6400F57180 /* PageViewController */,
				9D555ED52A793DF700138EB4 /* Root */,
			);
			path = RootScreen;
			sourceTree = "<group>";
		};
		9D573C042A38C1FD00F8E4F3 /* Settings */ = {
			isa = PBXGroup;
			children = (
				9DB90D4B2A5C2B9000F57180 /* Controller */,
				9DB90D492A5C2B8300F57180 /* Model */,
				9DB90D4A2A5C2B8A00F57180 /* View */,
			);
			path = Settings;
			sourceTree = "<group>";
		};
		9D573C052A38C27900F8E4F3 /* AllDay24Hour */ = {
			isa = PBXGroup;
			children = (
				9DB90D592A5D431E00F57180 /* Controller */,
				9DB90D572A5D431200F57180 /* Model */,
				9DB90D582A5D431800F57180 /* View */,
			);
			path = AllDay24Hour;
			sourceTree = "<group>";
		};
		9D573C062A38C2AC00F8E4F3 /* SummaryOfTheDay */ = {
			isa = PBXGroup;
			children = (
				9DB90D732A604AB000F57180 /* Controller */,
				9DB90D712A604AA100F57180 /* Model */,
				9DB90D722A604AAB00F57180 /* View */,
			);
			path = SummaryOfTheDay;
			sourceTree = "<group>";
		};
		9D573C072A38C47400F8E4F3 /* NetworkService */ = {
			isa = PBXGroup;
			children = (
				9DDCDB2B2A6D106300CD6CBC /* NetworkService.swift */,
				9D555EE12A7ADE7500138EB4 /* Geocode */,
				9D555EE02A7ADE6500138EB4 /* Weather */,
			);
			path = NetworkService;
			sourceTree = "<group>";
		};
		9D573C082A38C4BD00F8E4F3 /* RootView */ = {
			isa = PBXGroup;
			children = (
				9D555ED32A78277100138EB4 /* RootView.swift */,
				9D6CF66B2A6B12E400259A3C /* RootViewController.swift */,
			);
			path = RootView;
			sourceTree = "<group>";
		};
		9D573C092A38C60300F8E4F3 /* Model */ = {
			isa = PBXGroup;
			children = (
				9D555EF32A82390C00138EB4 /* CityNameAndWeatherModel.swift */,
			);
			path = Model;
			sourceTree = "<group>";
		};
		9D573C0A2A38C60D00F8E4F3 /* RootViewModel */ = {
			isa = PBXGroup;
			children = (
				9D555ECA2A76863400138EB4 /* RootViewModel.swift */,
			);
			path = RootViewModel;
			sourceTree = "<group>";
		};
		9D573C192A38D02700F8E4F3 /* PermissionToUseLocation */ = {
			isa = PBXGroup;
			children = (
				9D7D89A22A3CC2AF00CB0ED0 /* Controller */,
				9D7D89A02A3CC29A00CB0ED0 /* Model */,
				9D7D89A12A3CC2A200CB0ED0 /* View */,
			);
			path = PermissionToUseLocation;
			sourceTree = "<group>";
		};
		9D7D89A02A3CC29A00CB0ED0 /* Model */ = {
			isa = PBXGroup;
			children = (
				9DE244592A431C7F00FACD44 /* PermissionToUseLocationModel.swift */,
			);
			path = Model;
			sourceTree = "<group>";
		};
		9D7D89A12A3CC2A200CB0ED0 /* View */ = {
			isa = PBXGroup;
			children = (
				9D7D89A32A3CC34000CB0ED0 /* PermissionToUseLocationView.swift */,
			);
			path = View;
			sourceTree = "<group>";
		};
		9D7D89A22A3CC2AF00CB0ED0 /* Controller */ = {
			isa = PBXGroup;
			children = (
				9D7D89A52A3CC42500CB0ED0 /* PermissionToUseLocationViewController.swift */,
			);
			path = Controller;
			sourceTree = "<group>";
		};
		9DB90D0F2A518EDF00F57180 /* MainView */ = {
			isa = PBXGroup;
			children = (
				9DB90D292A53023F00F57180 /* TableView */,
				9DB90D102A518F0D00F57180 /* MainCityView.swift */,
				9D573BED2A38B84100F8E4F3 /* MainCityViewController.swift */,
			);
			path = MainView;
			sourceTree = "<group>";
		};
		9DB90D292A53023F00F57180 /* TableView */ = {
			isa = PBXGroup;
			children = (
				9DB90D2B2A5302C500F57180 /* Cells */,
				9DB90D2A2A5302B800F57180 /* HeadersFooters */,
			);
			path = TableView;
			sourceTree = "<group>";
		};
		9DB90D2A2A5302B800F57180 /* HeadersFooters */ = {
			isa = PBXGroup;
			children = (
				9DB90D2C2A53038900F57180 /* CardOfTheDayHeader.swift */,
				9DB90D422A599B7D00F57180 /* TwentyFiveDaysLabelHeader.swift */,
			);
			path = HeadersFooters;
			sourceTree = "<group>";
		};
		9DB90D2B2A5302C500F57180 /* Cells */ = {
			isa = PBXGroup;
			children = (
				9DB90D442A59AAE300F57180 /* CollectionView */,
				9DB90D452A59AAFA00F57180 /* DailyForecastCell.swift */,
			);
			path = Cells;
			sourceTree = "<group>";
		};
		9DB90D322A555BF600F57180 /* CustomClass */ = {
			isa = PBXGroup;
			children = (
				9DB90D332A555CBA00F57180 /* CustomImageView.swift */,
			);
			path = CustomClass;
			sourceTree = "<group>";
		};
		9DB90D352A5585B000F57180 /* CustomView */ = {
			isa = PBXGroup;
			children = (
				9DB90D672A5ECE7100F57180 /* DashedView */,
				9DB90D362A5587FC00F57180 /* CustomView.swift */,
			);
			path = CustomView;
			sourceTree = "<group>";
		};
		9DB90D382A55F6E500F57180 /* extensionSystemValue */ = {
			isa = PBXGroup;
			children = (
				9DB90D3A2A55F73900F57180 /* extensionString.swift */,
			);
			path = extensionSystemValue;
			sourceTree = "<group>";
		};
		9DB90D442A59AAE300F57180 /* CollectionView */ = {
			isa = PBXGroup;
			children = (
				9DB90D3C2A56022300F57180 /* HourlyWeatherCollectionViewCell.swift */,
				9DB90D402A5756F700F57180 /* HourlyWeatherCellInTableViewCell.swift */,
			);
			path = CollectionView;
			sourceTree = "<group>";
		};
		9DB90D492A5C2B8300F57180 /* Model */ = {
			isa = PBXGroup;
			children = (
				9DB90D502A5C655400F57180 /* SettingsModel.swift */,
			);
			path = Model;
			sourceTree = "<group>";
		};
		9DB90D4A2A5C2B8A00F57180 /* View */ = {
			isa = PBXGroup;
			children = (
				9DB90D4E2A5C2BD400F57180 /* SettingsView.swift */,
			);
			path = View;
			sourceTree = "<group>";
		};
		9DB90D4B2A5C2B9000F57180 /* Controller */ = {
			isa = PBXGroup;
			children = (
				9DB90D4C2A5C2BAC00F57180 /* SettingsViewController.swift */,
			);
			path = Controller;
			sourceTree = "<group>";
		};
		9DB90D572A5D431200F57180 /* Model */ = {
			isa = PBXGroup;
			children = (
			);
			path = Model;
			sourceTree = "<group>";
		};
		9DB90D582A5D431800F57180 /* View */ = {
			isa = PBXGroup;
			children = (
				9DB90D5E2A5D9C5800F57180 /* TableView */,
				9DB90D5C2A5D594900F57180 /* AllDay24HourView.swift */,
			);
			path = View;
			sourceTree = "<group>";
		};
		9DB90D592A5D431E00F57180 /* Controller */ = {
			isa = PBXGroup;
			children = (
				9DB90D5A2A5D592900F57180 /* AllDay24HourViewController.swift */,
			);
			path = Controller;
			sourceTree = "<group>";
		};
		9DB90D5E2A5D9C5800F57180 /* TableView */ = {
			isa = PBXGroup;
			children = (
				9DB90D602A5D9C7000F57180 /* Cells */,
				9DB90D5F2A5D9C6800F57180 /* Headers */,
			);
			path = TableView;
			sourceTree = "<group>";
		};
		9DB90D5F2A5D9C6800F57180 /* Headers */ = {
			isa = PBXGroup;
			children = (
				9DB90D612A5D9D0000F57180 /* AllDay24HourTimetableHeader.swift */,
			);
			path = Headers;
			sourceTree = "<group>";
		};
		9DB90D602A5D9C7000F57180 /* Cells */ = {
			isa = PBXGroup;
			children = (
				9DB90D6A2A5FE73900F57180 /* AllDay24HourTimetableCell.swift */,
			);
			path = Cells;
			sourceTree = "<group>";
		};
		9DB90D672A5ECE7100F57180 /* DashedView */ = {
			isa = PBXGroup;
			children = (
				9DB90D632A5DED8600F57180 /* DashedViewHorizontal.swift */,
				9DB90D652A5E8B9A00F57180 /* DashedViewVertical.swift */,
			);
			path = DashedView;
			sourceTree = "<group>";
		};
		9DB90D6E2A60046900F57180 /* Colors */ = {
			isa = PBXGroup;
			children = (
				9DB90D6F2A60048D00F57180 /* ListColors.swift */,
			);
			path = Colors;
			sourceTree = "<group>";
		};
		9DB90D712A604AA100F57180 /* Model */ = {
			isa = PBXGroup;
			children = (
			);
			path = Model;
			sourceTree = "<group>";
		};
		9DB90D722A604AAB00F57180 /* View */ = {
			isa = PBXGroup;
			children = (
				9DB90D782A6065FE00F57180 /* TableView */,
				9DB90D762A605E5400F57180 /* SummaryOfTheDayView.swift */,
			);
			path = View;
			sourceTree = "<group>";
		};
		9DB90D732A604AB000F57180 /* Controller */ = {
			isa = PBXGroup;
			children = (
				9DB90D742A605E4500F57180 /* SummaryOfTheDayViewController.swift */,
			);
			path = Controller;
			sourceTree = "<group>";
		};
		9DB90D782A6065FE00F57180 /* TableView */ = {
			isa = PBXGroup;
			children = (
				9DB90D792A60660700F57180 /* Cells */,
			);
			path = TableView;
			sourceTree = "<group>";
		};
		9DB90D792A60660700F57180 /* Cells */ = {
			isa = PBXGroup;
			children = (
				9DB90D7B2A60661F00F57180 /* CollectionView */,
				9DB90D7C2A60680400F57180 /* DayAndNightWeatherTableViewCell.swift */,
				9DB90D7E2A648B9C00F57180 /* SunAndMoonTableViewCell.swift */,
				9DB90D802A65811E00F57180 /* AirQualityTableViewCell.swift */,
			);
			path = Cells;
			sourceTree = "<group>";
		};
		9DB90D7B2A60661F00F57180 /* CollectionView */ = {
			isa = PBXGroup;
			children = (
				9DB90D822A65940400F57180 /* SummaryOfTheDayCollectionView.swift */,
				9DB90D842A65943800F57180 /* SummaryOfTheDayCollectionViewCell.swift */,
			);
			path = CollectionView;
			sourceTree = "<group>";
		};
		9DB90D8C2A672E6400F57180 /* PageViewController */ = {
			isa = PBXGroup;
			children = (
				9DB90D8D2A672ED100F57180 /* MainCityPageViewController.swift */,
			);
			path = PageViewController;
			sourceTree = "<group>";
		};
		9DB90D9A2A67FD0700F57180 /* ImageWeather */ = {
			isa = PBXGroup;
			children = (
				9DB90D9B2A67FD3400F57180 /* ImageWeather.swift */,
			);
			path = ImageWeather;
			sourceTree = "<group>";
		};
/* End PBXGroup section */

/* Begin PBXNativeTarget section */
		9D573BE52A38B84100F8E4F3 /* Weather */ = {
			isa = PBXNativeTarget;
			buildConfigurationList = 9D573BFA2A38B84300F8E4F3 /* Build configuration list for PBXNativeTarget "Weather" */;
			buildPhases = (
				9D573BE22A38B84100F8E4F3 /* Sources */,
				9D573BE32A38B84100F8E4F3 /* Frameworks */,
				9D573BE42A38B84100F8E4F3 /* Resources */,
			);
			buildRules = (
			);
			dependencies = (
			);
			name = Weather;
			packageProductDependencies = (
				9D573C172A38CE5B00F8E4F3 /* Alamofire */,
				9DE2445C2A4325D700FACD44 /* SnapKit */,
			);
			productName = Weather;
			productReference = 9D573BE62A38B84100F8E4F3 /* Weather.app */;
			productType = "com.apple.product-type.application";
		};
/* End PBXNativeTarget section */

/* Begin PBXProject section */
		9D573BDE2A38B84100F8E4F3 /* Project object */ = {
			isa = PBXProject;
			attributes = {
				BuildIndependentTargetsInParallel = 1;
				LastSwiftUpdateCheck = 1430;
				LastUpgradeCheck = 1430;
				TargetAttributes = {
					9D573BE52A38B84100F8E4F3 = {
						CreatedOnToolsVersion = 14.3;
					};
				};
			};
			buildConfigurationList = 9D573BE12A38B84100F8E4F3 /* Build configuration list for PBXProject "Weather" */;
			compatibilityVersion = "Xcode 14.0";
			developmentRegion = en;
			hasScannedForEncodings = 0;
			knownRegions = (
				en,
				Base,
			);
			mainGroup = 9D573BDD2A38B84100F8E4F3;
			packageReferences = (
				9D573C162A38CE5B00F8E4F3 /* XCRemoteSwiftPackageReference "Alamofire" */,
				9DE2445B2A4325D700FACD44 /* XCRemoteSwiftPackageReference "SnapKit" */,
			);
			productRefGroup = 9D573BE72A38B84100F8E4F3 /* Products */;
			projectDirPath = "";
			projectRoot = "";
			targets = (
				9D573BE52A38B84100F8E4F3 /* Weather */,
			);
		};
/* End PBXProject section */

/* Begin PBXResourcesBuildPhase section */
		9D573BE42A38B84100F8E4F3 /* Resources */ = {
			isa = PBXResourcesBuildPhase;
			buildActionMask = 2147483647;
			files = (
				9D5907B82A49CB9700A53961 /* Rubik-VariableFont_wght.ttf in Resources */,
				9D573BF62A38B84300F8E4F3 /* LaunchScreen.storyboard in Resources */,
				9D573BF32A38B84300F8E4F3 /* Assets.xcassets in Resources */,
			);
			runOnlyForDeploymentPostprocessing = 0;
		};
/* End PBXResourcesBuildPhase section */

/* Begin PBXSourcesBuildPhase section */
		9D573BE22A38B84100F8E4F3 /* Sources */ = {
			isa = PBXSourcesBuildPhase;
			buildActionMask = 2147483647;
			files = (
				9D555EEE2A7E468200138EB4 /* DecodingOfDegreeMinMax.swift in Sources */,
				9D573BEE2A38B84100F8E4F3 /* MainCityViewController.swift in Sources */,
				9D555EE52A7ADEF000138EB4 /* GeocodeModel.swift in Sources */,
				9D555EF22A81715700138EB4 /* DecodingOfSpeed.swift in Sources */,
				9DB90D702A60048D00F57180 /* ListColors.swift in Sources */,
				9D555EDC2A793EC300138EB4 /* Module.swift in Sources */,
				9D573BEA2A38B84100F8E4F3 /* AppDelegate.swift in Sources */,
				9DB90D372A5587FC00F57180 /* CustomView.swift in Sources */,
				9DB90D112A518F0D00F57180 /* MainCityView.swift in Sources */,
				9DB90D772A605E5400F57180 /* SummaryOfTheDayView.swift in Sources */,
				9D555EEC2A7E410200138EB4 /* DecodingOfDate.swift in Sources */,
				9DB90D642A5DED8600F57180 /* DashedViewHorizontal.swift in Sources */,
				9DB90D2D2A53038900F57180 /* CardOfTheDayHeader.swift in Sources */,
				9DB90D7F2A648B9C00F57180 /* SunAndMoonTableViewCell.swift in Sources */,
				9DB90D832A65940400F57180 /* SummaryOfTheDayCollectionView.swift in Sources */,
				9DB90D512A5C655400F57180 /* SettingsModel.swift in Sources */,
				9DB90D3D2A56022300F57180 /* HourlyWeatherCollectionViewCell.swift in Sources */,
				9D573C0E2A38C65B00F8E4F3 /* Coordinatable.swift in Sources */,
				9DE2445A2A431C7F00FACD44 /* PermissionToUseLocationModel.swift in Sources */,
				9DB90D662A5E8B9A00F57180 /* DashedViewVertical.swift in Sources */,
				9DB90D7D2A60680400F57180 /* DayAndNightWeatherTableViewCell.swift in Sources */,
				9DB90D8E2A672ED100F57180 /* MainCityPageViewController.swift in Sources */,
				9DB90D4F2A5C2BD400F57180 /* SettingsView.swift in Sources */,
				9DB90D5D2A5D594900F57180 /* AllDay24HourView.swift in Sources */,
				9DB90D462A59AAFA00F57180 /* DailyForecastCell.swift in Sources */,
				9DB90D132A51A0CD00F57180 /* AppCoordinator.swift in Sources */,
				9DB90D6D2A5FF43900F57180 /* ListFonts.swift in Sources */,
				9DB90D852A65943800F57180 /* SummaryOfTheDayCollectionViewCell.swift in Sources */,
				9DB90D5B2A5D592900F57180 /* AllDay24HourViewController.swift in Sources */,
				9DB90D342A555CBA00F57180 /* CustomImageView.swift in Sources */,
				9DB90D622A5D9D0000F57180 /* AllDay24HourTimetableHeader.swift in Sources */,
				9DB90D4D2A5C2BAC00F57180 /* SettingsViewController.swift in Sources */,
				9DB90D752A605E4500F57180 /* SummaryOfTheDayViewController.swift in Sources */,
				9D555EEA2A7BDCBF00138EB4 /* WeatherDescription.swift in Sources */,
				9D555EDF2A7A730700138EB4 /* AppFactory.swift in Sources */,
				9DB90D9C2A67FD3400F57180 /* ImageWeather.swift in Sources */,
				9D7D89A42A3CC34000CB0ED0 /* PermissionToUseLocationView.swift in Sources */,
				9DB90D3B2A55F73900F57180 /* extensionString.swift in Sources */,
				9D6CF66C2A6B12E400259A3C /* RootViewController.swift in Sources */,
				9DB90D6B2A5FE73900F57180 /* AllDay24HourTimetableCell.swift in Sources */,
				9DB90D432A599B7D00F57180 /* TwentyFiveDaysLabelHeader.swift in Sources */,
				9D573C0C2A38C64800F8E4F3 /* RootCoordinator.swift in Sources */,
				9D555ED42A78277100138EB4 /* RootView.swift in Sources */,
				9D573BEC2A38B84100F8E4F3 /* SceneDelegate.swift in Sources */,
				9DDCDB2C2A6D106300CD6CBC /* NetworkService.swift in Sources */,
				9DB90D412A5756F700F57180 /* HourlyWeatherCellInTableViewCell.swift in Sources */,
				9DB90D812A65811F00F57180 /* AirQualityTableViewCell.swift in Sources */,
				9D555EC12A72AA7A00138EB4 /* NetworkServiceWeatherModel.swift in Sources */,
				9D555ECB2A76863400138EB4 /* RootViewModel.swift in Sources */,
				9D555EF42A82390D00138EB4 /* CityNameAndWeatherModel.swift in Sources */,
				9D7D89A62A3CC42500CB0ED0 /* PermissionToUseLocationViewController.swift in Sources */,
			);
			runOnlyForDeploymentPostprocessing = 0;
		};
/* End PBXSourcesBuildPhase section */

/* Begin PBXVariantGroup section */
		9D573BF42A38B84300F8E4F3 /* LaunchScreen.storyboard */ = {
			isa = PBXVariantGroup;
			children = (
				9D573BF52A38B84300F8E4F3 /* Base */,
			);
			name = LaunchScreen.storyboard;
			sourceTree = "<group>";
		};
/* End PBXVariantGroup section */

/* Begin XCBuildConfiguration section */
		9D573BF82A38B84300F8E4F3 /* Debug */ = {
			isa = XCBuildConfiguration;
			buildSettings = {
				ALWAYS_SEARCH_USER_PATHS = NO;
				CLANG_ANALYZER_NONNULL = YES;
				CLANG_ANALYZER_NUMBER_OBJECT_CONVERSION = YES_AGGRESSIVE;
				CLANG_CXX_LANGUAGE_STANDARD = "gnu++20";
				CLANG_ENABLE_MODULES = YES;
				CLANG_ENABLE_OBJC_ARC = YES;
				CLANG_ENABLE_OBJC_WEAK = YES;
				CLANG_WARN_BLOCK_CAPTURE_AUTORELEASING = YES;
				CLANG_WARN_BOOL_CONVERSION = YES;
				CLANG_WARN_COMMA = YES;
				CLANG_WARN_CONSTANT_CONVERSION = YES;
				CLANG_WARN_DEPRECATED_OBJC_IMPLEMENTATIONS = YES;
				CLANG_WARN_DIRECT_OBJC_ISA_USAGE = YES_ERROR;
				CLANG_WARN_DOCUMENTATION_COMMENTS = YES;
				CLANG_WARN_EMPTY_BODY = YES;
				CLANG_WARN_ENUM_CONVERSION = YES;
				CLANG_WARN_INFINITE_RECURSION = YES;
				CLANG_WARN_INT_CONVERSION = YES;
				CLANG_WARN_NON_LITERAL_NULL_CONVERSION = YES;
				CLANG_WARN_OBJC_IMPLICIT_RETAIN_SELF = YES;
				CLANG_WARN_OBJC_LITERAL_CONVERSION = YES;
				CLANG_WARN_OBJC_ROOT_CLASS = YES_ERROR;
				CLANG_WARN_QUOTED_INCLUDE_IN_FRAMEWORK_HEADER = YES;
				CLANG_WARN_RANGE_LOOP_ANALYSIS = YES;
				CLANG_WARN_STRICT_PROTOTYPES = YES;
				CLANG_WARN_SUSPICIOUS_MOVE = YES;
				CLANG_WARN_UNGUARDED_AVAILABILITY = YES_AGGRESSIVE;
				CLANG_WARN_UNREACHABLE_CODE = YES;
				CLANG_WARN__DUPLICATE_METHOD_MATCH = YES;
				COPY_PHASE_STRIP = NO;
				DEBUG_INFORMATION_FORMAT = dwarf;
				ENABLE_STRICT_OBJC_MSGSEND = YES;
				ENABLE_TESTABILITY = YES;
				GCC_C_LANGUAGE_STANDARD = gnu11;
				GCC_DYNAMIC_NO_PIC = NO;
				GCC_NO_COMMON_BLOCKS = YES;
				GCC_OPTIMIZATION_LEVEL = 0;
				GCC_PREPROCESSOR_DEFINITIONS = (
					"DEBUG=1",
					"$(inherited)",
				);
				GCC_WARN_64_TO_32_BIT_CONVERSION = YES;
				GCC_WARN_ABOUT_RETURN_TYPE = YES_ERROR;
				GCC_WARN_UNDECLARED_SELECTOR = YES;
				GCC_WARN_UNINITIALIZED_AUTOS = YES_AGGRESSIVE;
				GCC_WARN_UNUSED_FUNCTION = YES;
				GCC_WARN_UNUSED_VARIABLE = YES;
				IPHONEOS_DEPLOYMENT_TARGET = 16.0;
				MTL_ENABLE_DEBUG_INFO = INCLUDE_SOURCE;
				MTL_FAST_MATH = YES;
				ONLY_ACTIVE_ARCH = YES;
				SDKROOT = iphoneos;
				SWIFT_ACTIVE_COMPILATION_CONDITIONS = DEBUG;
				SWIFT_OPTIMIZATION_LEVEL = "-Onone";
			};
			name = Debug;
		};
		9D573BF92A38B84300F8E4F3 /* Release */ = {
			isa = XCBuildConfiguration;
			buildSettings = {
				ALWAYS_SEARCH_USER_PATHS = NO;
				CLANG_ANALYZER_NONNULL = YES;
				CLANG_ANALYZER_NUMBER_OBJECT_CONVERSION = YES_AGGRESSIVE;
				CLANG_CXX_LANGUAGE_STANDARD = "gnu++20";
				CLANG_ENABLE_MODULES = YES;
				CLANG_ENABLE_OBJC_ARC = YES;
				CLANG_ENABLE_OBJC_WEAK = YES;
				CLANG_WARN_BLOCK_CAPTURE_AUTORELEASING = YES;
				CLANG_WARN_BOOL_CONVERSION = YES;
				CLANG_WARN_COMMA = YES;
				CLANG_WARN_CONSTANT_CONVERSION = YES;
				CLANG_WARN_DEPRECATED_OBJC_IMPLEMENTATIONS = YES;
				CLANG_WARN_DIRECT_OBJC_ISA_USAGE = YES_ERROR;
				CLANG_WARN_DOCUMENTATION_COMMENTS = YES;
				CLANG_WARN_EMPTY_BODY = YES;
				CLANG_WARN_ENUM_CONVERSION = YES;
				CLANG_WARN_INFINITE_RECURSION = YES;
				CLANG_WARN_INT_CONVERSION = YES;
				CLANG_WARN_NON_LITERAL_NULL_CONVERSION = YES;
				CLANG_WARN_OBJC_IMPLICIT_RETAIN_SELF = YES;
				CLANG_WARN_OBJC_LITERAL_CONVERSION = YES;
				CLANG_WARN_OBJC_ROOT_CLASS = YES_ERROR;
				CLANG_WARN_QUOTED_INCLUDE_IN_FRAMEWORK_HEADER = YES;
				CLANG_WARN_RANGE_LOOP_ANALYSIS = YES;
				CLANG_WARN_STRICT_PROTOTYPES = YES;
				CLANG_WARN_SUSPICIOUS_MOVE = YES;
				CLANG_WARN_UNGUARDED_AVAILABILITY = YES_AGGRESSIVE;
				CLANG_WARN_UNREACHABLE_CODE = YES;
				CLANG_WARN__DUPLICATE_METHOD_MATCH = YES;
				COPY_PHASE_STRIP = NO;
				DEBUG_INFORMATION_FORMAT = "dwarf-with-dsym";
				ENABLE_NS_ASSERTIONS = NO;
				ENABLE_STRICT_OBJC_MSGSEND = YES;
				GCC_C_LANGUAGE_STANDARD = gnu11;
				GCC_NO_COMMON_BLOCKS = YES;
				GCC_WARN_64_TO_32_BIT_CONVERSION = YES;
				GCC_WARN_ABOUT_RETURN_TYPE = YES_ERROR;
				GCC_WARN_UNDECLARED_SELECTOR = YES;
				GCC_WARN_UNINITIALIZED_AUTOS = YES_AGGRESSIVE;
				GCC_WARN_UNUSED_FUNCTION = YES;
				GCC_WARN_UNUSED_VARIABLE = YES;
				IPHONEOS_DEPLOYMENT_TARGET = 16.0;
				MTL_ENABLE_DEBUG_INFO = NO;
				MTL_FAST_MATH = YES;
				SDKROOT = iphoneos;
				SWIFT_COMPILATION_MODE = wholemodule;
				SWIFT_OPTIMIZATION_LEVEL = "-O";
				VALIDATE_PRODUCT = YES;
			};
			name = Release;
		};
		9D573BFB2A38B84300F8E4F3 /* Debug */ = {
			isa = XCBuildConfiguration;
			buildSettings = {
				ASSETCATALOG_COMPILER_APPICON_NAME = AppIcon;
				ASSETCATALOG_COMPILER_GLOBAL_ACCENT_COLOR_NAME = AccentColor;
				CODE_SIGN_STYLE = Automatic;
				CURRENT_PROJECT_VERSION = 1;
				GENERATE_INFOPLIST_FILE = YES;
				INFOPLIST_FILE = Weather/Info.plist;
				INFOPLIST_KEY_NSLocationWhenInUseUsageDescription = "Используем геопозицию для лучшей работы приложения";
				INFOPLIST_KEY_UIApplicationSupportsIndirectInputEvents = YES;
				INFOPLIST_KEY_UILaunchStoryboardName = LaunchScreen;
				INFOPLIST_KEY_UISupportedInterfaceOrientations_iPad = "UIInterfaceOrientationPortrait UIInterfaceOrientationPortraitUpsideDown UIInterfaceOrientationLandscapeLeft UIInterfaceOrientationLandscapeRight";
				INFOPLIST_KEY_UISupportedInterfaceOrientations_iPhone = "UIInterfaceOrientationPortrait UIInterfaceOrientationLandscapeLeft UIInterfaceOrientationLandscapeRight";
				IPHONEOS_DEPLOYMENT_TARGET = 16.0;
				LD_RUNPATH_SEARCH_PATHS = (
					"$(inherited)",
					"@executable_path/Frameworks",
				);
				MARKETING_VERSION = 1.0;
				PRODUCT_BUNDLE_IDENTIFIER = "Banin-Andrey.Weather";
				PRODUCT_NAME = "$(TARGET_NAME)";
				SWIFT_EMIT_LOC_STRINGS = YES;
				SWIFT_VERSION = 5.0;
				TARGETED_DEVICE_FAMILY = "1,2";
			};
			name = Debug;
		};
		9D573BFC2A38B84300F8E4F3 /* Release */ = {
			isa = XCBuildConfiguration;
			buildSettings = {
				ASSETCATALOG_COMPILER_APPICON_NAME = AppIcon;
				ASSETCATALOG_COMPILER_GLOBAL_ACCENT_COLOR_NAME = AccentColor;
				CODE_SIGN_STYLE = Automatic;
				CURRENT_PROJECT_VERSION = 1;
				GENERATE_INFOPLIST_FILE = YES;
				INFOPLIST_FILE = Weather/Info.plist;
				INFOPLIST_KEY_NSLocationWhenInUseUsageDescription = "Используем геопозицию для лучшей работы приложения";
				INFOPLIST_KEY_UIApplicationSupportsIndirectInputEvents = YES;
				INFOPLIST_KEY_UILaunchStoryboardName = LaunchScreen;
				INFOPLIST_KEY_UISupportedInterfaceOrientations_iPad = "UIInterfaceOrientationPortrait UIInterfaceOrientationPortraitUpsideDown UIInterfaceOrientationLandscapeLeft UIInterfaceOrientationLandscapeRight";
				INFOPLIST_KEY_UISupportedInterfaceOrientations_iPhone = "UIInterfaceOrientationPortrait UIInterfaceOrientationLandscapeLeft UIInterfaceOrientationLandscapeRight";
				IPHONEOS_DEPLOYMENT_TARGET = 16.0;
				LD_RUNPATH_SEARCH_PATHS = (
					"$(inherited)",
					"@executable_path/Frameworks",
				);
				MARKETING_VERSION = 1.0;
				PRODUCT_BUNDLE_IDENTIFIER = "Banin-Andrey.Weather";
				PRODUCT_NAME = "$(TARGET_NAME)";
				SWIFT_EMIT_LOC_STRINGS = YES;
				SWIFT_VERSION = 5.0;
				TARGETED_DEVICE_FAMILY = "1,2";
			};
			name = Release;
		};
/* End XCBuildConfiguration section */

/* Begin XCConfigurationList section */
		9D573BE12A38B84100F8E4F3 /* Build configuration list for PBXProject "Weather" */ = {
			isa = XCConfigurationList;
			buildConfigurations = (
				9D573BF82A38B84300F8E4F3 /* Debug */,
				9D573BF92A38B84300F8E4F3 /* Release */,
			);
			defaultConfigurationIsVisible = 0;
			defaultConfigurationName = Release;
		};
		9D573BFA2A38B84300F8E4F3 /* Build configuration list for PBXNativeTarget "Weather" */ = {
			isa = XCConfigurationList;
			buildConfigurations = (
				9D573BFB2A38B84300F8E4F3 /* Debug */,
				9D573BFC2A38B84300F8E4F3 /* Release */,
			);
			defaultConfigurationIsVisible = 0;
			defaultConfigurationName = Release;
		};
/* End XCConfigurationList section */

/* Begin XCRemoteSwiftPackageReference section */
		9D573C162A38CE5B00F8E4F3 /* XCRemoteSwiftPackageReference "Alamofire" */ = {
			isa = XCRemoteSwiftPackageReference;
			repositoryURL = "https://github.com/Alamofire/Alamofire";
			requirement = {
				kind = upToNextMinorVersion;
				minimumVersion = 5.7.0;
			};
		};
		9DE2445B2A4325D700FACD44 /* XCRemoteSwiftPackageReference "SnapKit" */ = {
			isa = XCRemoteSwiftPackageReference;
			repositoryURL = "https://github.com/SnapKit/SnapKit";
			requirement = {
				kind = upToNextMinorVersion;
				minimumVersion = 5.6.0;
			};
		};
/* End XCRemoteSwiftPackageReference section */

/* Begin XCSwiftPackageProductDependency section */
		9D573C172A38CE5B00F8E4F3 /* Alamofire */ = {
			isa = XCSwiftPackageProductDependency;
			package = 9D573C162A38CE5B00F8E4F3 /* XCRemoteSwiftPackageReference "Alamofire" */;
			productName = Alamofire;
		};
		9DE2445C2A4325D700FACD44 /* SnapKit */ = {
			isa = XCSwiftPackageProductDependency;
			package = 9DE2445B2A4325D700FACD44 /* XCRemoteSwiftPackageReference "SnapKit" */;
			productName = SnapKit;
		};
/* End XCSwiftPackageProductDependency section */
	};
	rootObject = 9D573BDE2A38B84100F8E4F3 /* Project object */;
}
